
Microsoft Visual Studio Solution File, Format Version 12.00
# Visual Studio Version 17
VisualStudioVersion = 17.4.33205.214
MinimumVisualStudioVersion = 10.0.40219.1
Project("{9A19103F-16F7-4668-BE54-9A1E7A4F7556}") = "2022", "2022\2022.csproj", "{08DA8052-95E3-4DE1-BF5A-2008F210166B}"
EndProject
Project("{9A19103F-16F7-4668-BE54-9A1E7A4F7556}") = "2019-20", "2019-20\2019-20.csproj", "{3AB9F181-2614-457D-8CA2-AA9620026F43}"
EndProject
Project("{9A19103F-16F7-4668-BE54-9A1E7A4F7556}") = "2021", "2021\2021.csproj", "{BE375507-31CB-48B4-9519-FF08AB4656F0}"
EndProject
Global
	GlobalSection(SolutionConfigurationPlatforms) = preSolution
		Debug|Any CPU = Debug|Any CPU
		Release|Any CPU = Release|Any CPU
	EndGlobalSection
	GlobalSection(ProjectConfigurationPlatforms) = postSolution
		{08DA8052-95E3-4DE1-BF5A-2008F210166B}.Debug|Any CPU.ActiveCfg = Debug|Any CPU
		{08DA8052-95E3-4DE1-BF5A-2008F210166B}.Debug|Any CPU.Build.0 = Debug|Any CPU
		{08DA8052-95E3-4DE1-BF5A-2008F210166B}.Release|Any CPU.ActiveCfg = Release|Any CPU
		{08DA8052-95E3-4DE1-BF5A-2008F210166B}.Release|Any CPU.Build.0 = Release|Any CPU
		{3AB9F181-2614-457D-8CA2-AA9620026F43}.Debug|Any CPU.ActiveCfg = Debug|Any CPU
		{3AB9F181-2614-457D-8CA2-AA9620026F43}.Debug|Any CPU.Build.0 = Debug|Any CPU
		{3AB9F181-2614-457D-8CA2-AA9620026F43}.Release|Any CPU.ActiveCfg = Release|Any CPU
		{3AB9F181-2614-457D-8CA2-AA9620026F43}.Release|Any CPU.Build.0 = Release|Any CPU
		{BE375507-31CB-48B4-9519-FF08AB4656F0}.Debug|Any CPU.ActiveCfg = Debug|Any CPU
		{BE375507-31CB-48B4-9519-FF08AB4656F0}.Debug|Any CPU.Build.0 = Debug|Any CPU
		{BE375507-31CB-48B4-9519-FF08AB4656F0}.Release|Any CPU.ActiveCfg = Release|Any CPU
		{BE375507-31CB-48B4-9519-FF08AB4656F0}.Release|Any CPU.Build.0 = Release|Any CPU
	EndGlobalSection
	GlobalSection(SolutionProperties) = preSolution
		HideSolutionNode = FALSE
	EndGlobalSection
	GlobalSection(ExtensibilityGlobals) = postSolution
		SolutionGuid = {F7A1FF7E-7F5A-4229-830E-8D0ECD75676F}
	EndGlobalSection
EndGlobal
